Microsoft Visual Studio Solution File, Format Version 12.00
# Visual Studio Version 17
VisualStudioVersion = 17.5.2.0
MinimumVisualStudioVersion = 10.0.40219.1
Project("{FAE04EC0-301F-11D3-BF4B-00C04F79EFBC}") = "GlobalInvest", "GlobalInvest.csproj", "{B9976BD3-2D8D-8A94-E99E-717B49CC02CC}"
EndProject
Global
	GlobalSection(SolutionConfigurationPlatforms) = preSolution
		Debug|Any CPU = Debug|Any CPU
		Release|Any CPU = Release|Any CPU
	EndGlobalSection
	GlobalSection(ProjectConfigurationPlatforms) = postSolution
		{B9976BD3-2D8D-8A94-E99E-717B49CC02CC}.Debug|Any CPU.ActiveCfg = Debug|Any CPU
		{B9976BD3-2D8D-8A94-E99E-717B49CC02CC}.Debug|Any CPU.Build.0 = Debug|Any CPU
		{B9976BD3-2D8D-8A94-E99E-717B49CC02CC}.Release|Any CPU.ActiveCfg = Release|Any CPU
		{B9976BD3-2D8D-8A94-E99E-717B49CC02CC}.Release|Any CPU.Build.0 = Release|Any CPU
	EndGlobalSection
	GlobalSection(SolutionProperties) = preSolution
		HideSolutionNode = FALSE
	EndGlobalSection
	GlobalSection(ExtensibilityGlobals) = postSolution
		SolutionGuid = {0DD52EF0-03FF-4284-A5B9-4C81F0065AAF}
	EndGlobalSection
EndGlobal
